
Microsoft Visual Studio Solution File, Format Version 12.00
# Visual Studio Version 17
VisualStudioVersion = 17.7.34202.233
MinimumVisualStudioVersion = 10.0.40219.1
Project("{FAE04EC0-301F-11D3-BF4B-00C04F79EFBC}") = "Kantor", "Kantor.csproj", "{9EA6C9D8-FE14-43D7-B12D-1432FB5FB84E}"
EndProject
Global
	GlobalSection(SolutionConfigurationPlatforms) = preSolution
		Debug|Any CPU = Debug|Any CPU
		Release|Any CPU = Release|Any CPU
	EndGlobalSection
	GlobalSection(ProjectConfigurationPlatforms) = postSolution
		{9EA6C9D8-FE14-43D7-B12D-1432FB5FB84E}.Debug|Any CPU.ActiveCfg = Debug|Any CPU
		{9EA6C9D8-FE14-43D7-B12D-1432FB5FB84E}.Debug|Any CPU.Build.0 = Debug|Any CPU
		{9EA6C9D8-FE14-43D7-B12D-1432FB5FB84E}.Release|Any CPU.ActiveCfg = Release|Any CPU
		{9EA6C9D8-FE14-43D7-B12D-1432FB5FB84E}.Release|Any CPU.Build.0 = Release|Any CPU
	EndGlobalSection
	GlobalSection(SolutionProperties) = preSolution
		HideSolutionNode = FALSE
	EndGlobalSection
	GlobalSection(ExtensibilityGlobals) = postSolution
		SolutionGuid = {775EB4FF-F97F-445A-87B7-71B8FE3B5ECF}
	EndGlobalSection
EndGlobal
